
Microsoft Visual Studio Solution File, Format Version 12.00
# Visual Studio Version 17
VisualStudioVersion = 17.0.31611.283
MinimumVisualStudioVersion = 10.0.40219.1
Project("{9A19103F-16F7-4668-BE54-9A1E7A4F7556}") = "SimpleMvu", "SimpleMvu\SimpleMvu.csproj", "{2947E89C-C2D1-41FF-9BF0-A1AECE8C9D6B}"
EndProject
Project("{9A19103F-16F7-4668-BE54-9A1E7A4F7556}") = "SimpleMvvm", "SimpleMvvm\SimpleMvvm.csproj", "{78093324-2234-4AEA-8481-9607C638BB21}"
EndProject
Project("{9A19103F-16F7-4668-BE54-9A1E7A4F7556}") = "AdvancedMvvm", "AdvancedMvvm\AdvancedMvvm.csproj", "{59B8863A-7AC2-45BC-A80C-0D66B4C77AC7}"
EndProject
Project("{9A19103F-16F7-4668-BE54-9A1E7A4F7556}") = "AdvancedMvu", "AdvancedMvu\AdvancedMvu.csproj", "{C415D7E5-F121-4B9D-A6DD-54F5FE79B926}"
EndProject
Global
	GlobalSection(SolutionConfigurationPlatforms) = preSolution
		Debug|Any CPU = Debug|Any CPU
		Release|Any CPU = Release|Any CPU
	EndGlobalSection
	GlobalSection(ProjectConfigurationPlatforms) = postSolution
		{2947E89C-C2D1-41FF-9BF0-A1AECE8C9D6B}.Debug|Any CPU.ActiveCfg = Debug|Any CPU
		{2947E89C-C2D1-41FF-9BF0-A1AECE8C9D6B}.Debug|Any CPU.Build.0 = Debug|Any CPU
		{2947E89C-C2D1-41FF-9BF0-A1AECE8C9D6B}.Debug|Any CPU.Deploy.0 = Debug|Any CPU
		{2947E89C-C2D1-41FF-9BF0-A1AECE8C9D6B}.Release|Any CPU.ActiveCfg = Release|Any CPU
		{2947E89C-C2D1-41FF-9BF0-A1AECE8C9D6B}.Release|Any CPU.Build.0 = Release|Any CPU
		{2947E89C-C2D1-41FF-9BF0-A1AECE8C9D6B}.Release|Any CPU.Deploy.0 = Release|Any CPU
		{78093324-2234-4AEA-8481-9607C638BB21}.Debug|Any CPU.ActiveCfg = Debug|Any CPU
		{78093324-2234-4AEA-8481-9607C638BB21}.Debug|Any CPU.Build.0 = Debug|Any CPU
		{78093324-2234-4AEA-8481-9607C638BB21}.Debug|Any CPU.Deploy.0 = Debug|Any CPU
		{78093324-2234-4AEA-8481-9607C638BB21}.Release|Any CPU.ActiveCfg = Release|Any CPU
		{78093324-2234-4AEA-8481-9607C638BB21}.Release|Any CPU.Build.0 = Release|Any CPU
		{78093324-2234-4AEA-8481-9607C638BB21}.Release|Any CPU.Deploy.0 = Release|Any CPU
		{59B8863A-7AC2-45BC-A80C-0D66B4C77AC7}.Debug|Any CPU.ActiveCfg = Debug|Any CPU
		{59B8863A-7AC2-45BC-A80C-0D66B4C77AC7}.Debug|Any CPU.Build.0 = Debug|Any CPU
		{59B8863A-7AC2-45BC-A80C-0D66B4C77AC7}.Debug|Any CPU.Deploy.0 = Debug|Any CPU
		{59B8863A-7AC2-45BC-A80C-0D66B4C77AC7}.Release|Any CPU.ActiveCfg = Release|Any CPU
		{59B8863A-7AC2-45BC-A80C-0D66B4C77AC7}.Release|Any CPU.Build.0 = Release|Any CPU
		{59B8863A-7AC2-45BC-A80C-0D66B4C77AC7}.Release|Any CPU.Deploy.0 = Release|Any CPU
		{C415D7E5-F121-4B9D-A6DD-54F5FE79B926}.Debug|Any CPU.ActiveCfg = Debug|Any CPU
		{C415D7E5-F121-4B9D-A6DD-54F5FE79B926}.Debug|Any CPU.Build.0 = Debug|Any CPU
		{C415D7E5-F121-4B9D-A6DD-54F5FE79B926}.Debug|Any CPU.Deploy.0 = Debug|Any CPU
		{C415D7E5-F121-4B9D-A6DD-54F5FE79B926}.Release|Any CPU.ActiveCfg = Release|Any CPU
		{C415D7E5-F121-4B9D-A6DD-54F5FE79B926}.Release|Any CPU.Build.0 = Release|Any CPU
		{C415D7E5-F121-4B9D-A6DD-54F5FE79B926}.Release|Any CPU.Deploy.0 = Release|Any CPU
	EndGlobalSection
	GlobalSection(SolutionProperties) = preSolution
		HideSolutionNode = FALSE
	EndGlobalSection
	GlobalSection(ExtensibilityGlobals) = postSolution
		SolutionGuid = {61F7FB11-1E47-470C-91E2-47F8143E1572}
	EndGlobalSection
EndGlobal
